Microsoft Visual Studio Solution File, Format Version 12.00
# Visual Studio Version 17
VisualStudioVersion = 17.5.2.0
MinimumVisualStudioVersion = 10.0.40219.1
Project("{FAE04EC0-301F-11D3-BF4B-00C04F79EFBC}") = "2Task_CSharp_Classes", "2Task_CSharp_Classes\2Task_CSharp_Classes.csproj", "{C003D4B5-D264-4913-0EAD-F372BE019B02}"
EndProject
Project("{2150E333-8FDC-42A3-9474-1A3956D46DE8}") = "4Task_Web-app", "4Task_Web-app", "{4D11F4E0-96D4-35A7-4A03-E8DD67E09D2A}"
EndProject
Project("{FAE04EC0-301F-11D3-BF4B-00C04F79EFBC}") = "tourism_aspnet", "4Task_Web-app\tourism_aspnet\tourism_aspnet.csproj", "{87ABD2F3-6335-4107-4C16-A041A38B09A8}"
EndProject
Global
	GlobalSection(SolutionConfigurationPlatforms) = preSolution
		Debug|Any CPU = Debug|Any CPU
		Release|Any CPU = Release|Any CPU
	EndGlobalSection
	GlobalSection(ProjectConfigurationPlatforms) = postSolution
		{C003D4B5-D264-4913-0EAD-F372BE019B02}.Debug|Any CPU.ActiveCfg = Debug|Any CPU
		{C003D4B5-D264-4913-0EAD-F372BE019B02}.Debug|Any CPU.Build.0 = Debug|Any CPU
		{C003D4B5-D264-4913-0EAD-F372BE019B02}.Release|Any CPU.ActiveCfg = Release|Any CPU
		{C003D4B5-D264-4913-0EAD-F372BE019B02}.Release|Any CPU.Build.0 = Release|Any CPU
		{87ABD2F3-6335-4107-4C16-A041A38B09A8}.Debug|Any CPU.ActiveCfg = Debug|Any CPU
		{87ABD2F3-6335-4107-4C16-A041A38B09A8}.Debug|Any CPU.Build.0 = Debug|Any CPU
		{87ABD2F3-6335-4107-4C16-A041A38B09A8}.Release|Any CPU.ActiveCfg = Release|Any CPU
		{87ABD2F3-6335-4107-4C16-A041A38B09A8}.Release|Any CPU.Build.0 = Release|Any CPU
	EndGlobalSection
	GlobalSection(SolutionProperties) = preSolution
		HideSolutionNode = FALSE
	EndGlobalSection
	GlobalSection(NestedProjects) = preSolution
		{87ABD2F3-6335-4107-4C16-A041A38B09A8} = {4D11F4E0-96D4-35A7-4A03-E8DD67E09D2A}
	EndGlobalSection
	GlobalSection(ExtensibilityGlobals) = postSolution
		SolutionGuid = {E98D9FB8-89CF-4DE9-A690-4BB92D44E933}
	EndGlobalSection
EndGlobal
